// !$*UTF8*$!
{
	archiveVersion = 1;
	classes = {
	};
	objectVersion = 56;
	objects = {

/* Begin PBXBuildFile section */
		0F5EA2BA2BF2581F000D8154 /* WidgetKit.framework in Frameworks */ = {isa = PBXBuildFile; fileRef = 0F5EA2B92BF2581F000D8154 /* WidgetKit.framework */; };
		0F5EA2BC2BF2581F000D8154 /* SwiftUI.framework in Frameworks */ = {isa = PBXBuildFile; fileRef = 0F5EA2BB2BF2581F000D8154 /* SwiftUI.framework */; };
		0F5EA2BF2BF2581F000D8154 /* SwiftCalWidgetBundle.swift in Sources */ = {isa = PBXBuildFile; fileRef = 0F5EA2BE2BF2581F000D8154 /* SwiftCalWidgetBundle.swift */; };
		0F5EA2C12BF2581F000D8154 /* SwiftCalWidget.swift in Sources */ = {isa = PBXBuildFile; fileRef = 0F5EA2C02BF2581F000D8154 /* SwiftCalWidget.swift */; };
		0F5EA2C32BF25821000D8154 /* Assets.xcassets in Resources */ = {isa = PBXBuildFile; fileRef = 0F5EA2C22BF25821000D8154 /* Assets.xcassets */; };
		0F5EA2C72BF25821000D8154 /* SwiftCalWidgetExtension.appex in Embed Foundation Extensions */ = {isa = PBXBuildFile; fileRef = 0F5EA2B72BF2581F000D8154 /* SwiftCalWidgetExtension.appex */; settings = {ATTRIBUTES = (RemoveHeadersOnCopy, ); }; };
		0F7414042CC02C8800E1961E /* WidgetModifiers.swift in Sources */ = {isa = PBXBuildFile; fileRef = 0F7414032CC02C8800E1961E /* WidgetModifiers.swift */; };
		0F7414052CC02C8800E1961E /* WidgetModifiers.swift in Sources */ = {isa = PBXBuildFile; fileRef = 0F7414032CC02C8800E1961E /* WidgetModifiers.swift */; };
		0F7414072CC02EE500E1961E /* SwiftCalControl.swift in Sources */ = {isa = PBXBuildFile; fileRef = 0F7414062CC02EE500E1961E /* SwiftCalControl.swift */; };
		0F7E40442BF2403600947CE7 /* SwiftCalApp.swift in Sources */ = {isa = PBXBuildFile; fileRef = 0F7E40432BF2403600947CE7 /* SwiftCalApp.swift */; };
		0F7E40462BF2403600947CE7 /* CalendarView.swift in Sources */ = {isa = PBXBuildFile; fileRef = 0F7E40452BF2403600947CE7 /* CalendarView.swift */; };
		0F7E40482BF2403900947CE7 /* Assets.xcassets in Resources */ = {isa = PBXBuildFile; fileRef = 0F7E40472BF2403900947CE7 /* Assets.xcassets */; };
		0F7E404B2BF2403900947CE7 /* Preview Assets.xcassets in Resources */ = {isa = PBXBuildFile; fileRef = 0F7E404A2BF2403900947CE7 /* Preview Assets.xcassets */; };
		0F7E40572BF246C500947CE7 /* Date+Ext.swift in Sources */ = {isa = PBXBuildFile; fileRef = 0F7E40562BF246C400947CE7 /* Date+Ext.swift */; };
		0F7E40592BF2525A00947CE7 /* StreakView.swift in Sources */ = {isa = PBXBuildFile; fileRef = 0F7E40582BF2525A00947CE7 /* StreakView.swift */; };
		0FC1BBC42BF26473000E8D0D /* CalendarHeaderView.swift in Sources */ = {isa = PBXBuildFile; fileRef = 0FC1BBC32BF26473000E8D0D /* CalendarHeaderView.swift */; };
		0FC1BBC52BF26473000E8D0D /* CalendarHeaderView.swift in Sources */ = {isa = PBXBuildFile; fileRef = 0FC1BBC32BF26473000E8D0D /* CalendarHeaderView.swift */; };
		0FC1BBC72BF2855A000E8D0D /* Date+Ext.swift in Sources */ = {isa = PBXBuildFile; fileRef = 0F7E40562BF246C400947CE7 /* Date+Ext.swift */; };
		0FC1BBCA2BF28CEF000E8D0D /* Day.swift in Sources */ = {isa = PBXBuildFile; fileRef = 0FC1BBC92BF28CEF000E8D0D /* Day.swift */; };
		0FC1BBCB2BF28CEF000E8D0D /* Day.swift in Sources */ = {isa = PBXBuildFile; fileRef = 0FC1BBC92BF28CEF000E8D0D /* Day.swift */; };
		0FC1BBCE2BF2934D000E8D0D /* Persistence.swift in Sources */ = {isa = PBXBuildFile; fileRef = 0FC1BBCD2BF2934D000E8D0D /* Persistence.swift */; };
		0FC1BBCF2BF2934D000E8D0D /* Persistence.swift in Sources */ = {isa = PBXBuildFile; fileRef = 0FC1BBCD2BF2934D000E8D0D /* Persistence.swift */; };
		0FC1BBD12BF29439000E8D0D /* AppIntents.swift in Sources */ = {isa = PBXBuildFile; fileRef = 0FC1BBD02BF29439000E8D0D /* AppIntents.swift */; };
		0FC1BBD22BF29439000E8D0D /* AppIntents.swift in Sources */ = {isa = PBXBuildFile; fileRef = 0FC1BBD02BF29439000E8D0D /* AppIntents.swift */; };
/* End PBXBuildFile section */

/* Begin PBXContainerItemProxy section */
		0F5EA2C52BF25821000D8154 /* PBXContainerItemProxy */ = {
			isa = PBXContainerItemProxy;
			containerPortal = 0F7E40382BF2403600947CE7 /* Project object */;
			proxyType = 1;
			remoteGlobalIDString = 0F5EA2B62BF2581F000D8154;
			remoteInfo = SwiftCalWidgetExtension;
		};
/* End PBXContainerItemProxy section */

/* Begin PBXCopyFilesBuildPhase section */
		0F5EA2C82BF25821000D8154 /* Embed Foundation Extensions */ = {
			isa = PBXCopyFilesBuildPhase;
			buildActionMask = 2147483647;
			dstPath = "";
			dstSubfolderSpec = 13;
			files = (
				0F5EA2C72BF25821000D8154 /* SwiftCalWidgetExtension.appex in Embed Foundation Extensions */,
			);
			name = "Embed Foundation Extensions";
			runOnlyForDeploymentPostprocessing = 0;
		};
/* End PBXCopyFilesBuildPhase section */

/* Begin PBXFileReference section */
		0F5EA2B72BF2581F000D8154 /* SwiftCalWidgetExtension.appex */ = {isa = PBXFileReference; explicitFileType = "wrapper.app-extension"; includeInIndex = 0; path = SwiftCalWidgetExtension.appex; sourceTree = BUILT_PRODUCTS_DIR; };
		0F5EA2B92BF2581F000D8154 /* WidgetKit.framework */ = {isa = PBXFileReference; lastKnownFileType = wrapper.framework; name = WidgetKit.framework; path = System/Library/Frameworks/WidgetKit.framework; sourceTree = SDKROOT; };
		0F5EA2BB2BF2581F000D8154 /* SwiftUI.framework */ = {isa = PBXFileReference; lastKnownFileType = wrapper.framework; name = SwiftUI.framework; path = System/Library/Frameworks/SwiftUI.framework; sourceTree = SDKROOT; };
		0F5EA2BE2BF2581F000D8154 /* SwiftCalWidgetBundle.swift */ = {isa = PBXFileReference; lastKnownFileType = sourcecode.swift; path = SwiftCalWidgetBundle.swift; sourceTree = "<group>"; };
		0F5EA2C02BF2581F000D8154 /* SwiftCalWidget.swift */ = {isa = PBXFileReference; lastKnownFileType = sourcecode.swift; path = SwiftCalWidget.swift; sourceTree = "<group>"; };
		0F5EA2C22BF25821000D8154 /* Assets.xcassets */ = {isa = PBXFileReference; lastKnownFileType = folder.assetcatalog; path = Assets.xcassets; sourceTree = "<group>"; };
		0F5EA2C42BF25821000D8154 /* Info.plist */ = {isa = PBXFileReference; lastKnownFileType = text.plist.xml; path = Info.plist; sourceTree = "<group>"; };
		0F5EA2CC2BF2583C000D8154 /* SwiftCal.entitlements */ = {isa = PBXFileReference; lastKnownFileType = text.plist.entitlements; path = SwiftCal.entitlements; sourceTree = "<group>"; };
		0F5EA2CD2BF25883000D8154 /* SwiftCalWidgetExtension.entitlements */ = {isa = PBXFileReference; lastKnownFileType = text.plist.entitlements; path = SwiftCalWidgetExtension.entitlements; sourceTree = "<group>"; };
		0F7414032CC02C8800E1961E /* WidgetModifiers.swift */ = {isa = PBXFileReference; lastKnownFileType = sourcecode.swift; path = WidgetModifiers.swift; sourceTree = "<group>"; };
		0F7414062CC02EE500E1961E /* SwiftCalControl.swift */ = {isa = PBXFileReference; lastKnownFileType = sourcecode.swift; path = SwiftCalControl.swift; sourceTree = "<group>"; };
		0F7E40402BF2403600947CE7 /* SwiftCal.app */ = {isa = PBXFileReference; explicitFileType = wrapper.application; includeInIndex = 0; path = SwiftCal.app; sourceTree = BUILT_PRODUCTS_DIR; };
		0F7E40432BF2403600947CE7 /* SwiftCalApp.swift */ = {isa = PBXFileReference; lastKnownFileType = sourcecode.swift; path = SwiftCalApp.swift; sourceTree = "<group>"; };
		0F7E40452BF2403600947CE7 /* CalendarView.swift */ = {isa = PBXFileReference; lastKnownFileType = sourcecode.swift; path = CalendarView.swift; sourceTree = "<group>"; };
		0F7E40472BF2403900947CE7 /* Assets.xcassets */ = {isa = PBXFileReference; lastKnownFileType = folder.assetcatalog; path = Assets.xcassets; sourceTree = "<group>"; };
		0F7E404A2BF2403900947CE7 /* Preview Assets.xcassets */ = {isa = PBXFileReference; lastKnownFileType = folder.assetcatalog; path = "Preview Assets.xcassets"; sourceTree = "<group>"; };
		0F7E40562BF246C400947CE7 /* Date+Ext.swift */ = {isa = PBXFileReference; fileEncoding = 4; lastKnownFileType = sourcecode.swift; path = "Date+Ext.swift"; sourceTree = "<group>"; };
		0F7E40582BF2525A00947CE7 /* StreakView.swift */ = {isa = PBXFileReference; lastKnownFileType = sourcecode.swift; path = StreakView.swift; sourceTree = "<group>"; };
		0FC1BBC32BF26473000E8D0D /* CalendarHeaderView.swift */ = {isa = PBXFileReference; lastKnownFileType = sourcecode.swift; path = CalendarHeaderView.swift; sourceTree = "<group>"; };
		0FC1BBC92BF28CEF000E8D0D /* Day.swift */ = {isa = PBXFileReference; lastKnownFileType = sourcecode.swift; path = Day.swift; sourceTree = "<group>"; };
		0FC1BBCD2BF2934D000E8D0D /* Persistence.swift */ = {isa = PBXFileReference; lastKnownFileType = sourcecode.swift; path = Persistence.swift; sourceTree = "<group>"; };
		0FC1BBD02BF29439000E8D0D /* AppIntents.swift */ = {isa = PBXFileReference; lastKnownFileType = sourcecode.swift; path = AppIntents.swift; sourceTree = "<group>"; };
/* End PBXFileReference section */

/* Begin PBXFrameworksBuildPhase section */
		0F5EA2B42BF2581F000D8154 /* Frameworks */ = {
			isa = PBXFrameworksBuildPhase;
			buildActionMask = 2147483647;
			files = (
				0F5EA2BC2BF2581F000D8154 /* SwiftUI.framework in Frameworks */,
				0F5EA2BA2BF2581F000D8154 /* WidgetKit.framework in Frameworks */,
			);
			runOnlyForDeploymentPostprocessing = 0;
		};
		0F7E403D2BF2403600947CE7 /* Frameworks */ = {
			isa = PBXFrameworksBuildPhase;
			buildActionMask = 2147483647;
			files = (
			);
			runOnlyForDeploymentPostprocessing = 0;
		};
/* End PBXFrameworksBuildPhase section */

/* Begin PBXGroup section */
		0F5EA2B82BF2581F000D8154 /* Frameworks */ = {
			isa = PBXGroup;
			children = (
				0F5EA2B92BF2581F000D8154 /* WidgetKit.framework */,
				0F5EA2BB2BF2581F000D8154 /* SwiftUI.framework */,
			);
			name = Frameworks;
			sourceTree = "<group>";
		};
		0F5EA2BD2BF2581F000D8154 /* SwiftCalWidget */ = {
			isa = PBXGroup;
			children = (
				0F7414032CC02C8800E1961E /* WidgetModifiers.swift */,
				0F5EA2BE2BF2581F000D8154 /* SwiftCalWidgetBundle.swift */,
				0F5EA2C02BF2581F000D8154 /* SwiftCalWidget.swift */,
				0F7414062CC02EE500E1961E /* SwiftCalControl.swift */,
				0F5EA2C22BF25821000D8154 /* Assets.xcassets */,
				0F5EA2C42BF25821000D8154 /* Info.plist */,
			);
			path = SwiftCalWidget;
			sourceTree = "<group>";
		};
		0F7E40372BF2403600947CE7 = {
			isa = PBXGroup;
			children = (
				0F5EA2CD2BF25883000D8154 /* SwiftCalWidgetExtension.entitlements */,
				0F7E40422BF2403600947CE7 /* SwiftCal */,
				0F5EA2BD2BF2581F000D8154 /* SwiftCalWidget */,
				0F5EA2B82BF2581F000D8154 /* Frameworks */,
				0F7E40412BF2403600947CE7 /* Products */,
			);
			sourceTree = "<group>";
		};
		0F7E40412BF2403600947CE7 /* Products */ = {
			isa = PBXGroup;
			children = (
				0F7E40402BF2403600947CE7 /* SwiftCal.app */,
				0F5EA2B72BF2581F000D8154 /* SwiftCalWidgetExtension.appex */,
			);
			name = Products;
			sourceTree = "<group>";
		};
		0F7E40422BF2403600947CE7 /* SwiftCal */ = {
			isa = PBXGroup;
			children = (
				0F7E40432BF2403600947CE7 /* SwiftCalApp.swift */,
				0F7E40452BF2403600947CE7 /* CalendarView.swift */,
				0FC1BBC32BF26473000E8D0D /* CalendarHeaderView.swift */,
				0F7E40582BF2525A00947CE7 /* StreakView.swift */,
				0FC1BBC92BF28CEF000E8D0D /* Day.swift */,
				0F7E40562BF246C400947CE7 /* Date+Ext.swift */,
				0FC1BBCD2BF2934D000E8D0D /* Persistence.swift */,
				0FC1BBD02BF29439000E8D0D /* AppIntents.swift */,
				0F7E40472BF2403900947CE7 /* Assets.xcassets */,
				0F5EA2CC2BF2583C000D8154 /* SwiftCal.entitlements */,
				0F7E40492BF2403900947CE7 /* Preview Content */,
			);
			path = SwiftCal;
			sourceTree = "<group>";
		};
		0F7E40492BF2403900947CE7 /* Preview Content */ = {
			isa = PBXGroup;
			children = (
				0F7E404A2BF2403900947CE7 /* Preview Assets.xcassets */,
			);
			path = "Preview Content";
			sourceTree = "<group>";
		};
/* End PBXGroup section */

/* Begin PBXNativeTarget section */
		0F5EA2B62BF2581F000D8154 /* SwiftCalWidgetExtension */ = {
			isa = PBXNativeTarget;
			buildConfigurationList = 0F5EA2CB2BF25821000D8154 /* Build configuration list for PBXNativeTarget "SwiftCalWidgetExtension" */;
			buildPhases = (
				0F5EA2B32BF2581F000D8154 /* Sources */,
				0F5EA2B42BF2581F000D8154 /* Frameworks */,
				0F5EA2B52BF2581F000D8154 /* Resources */,
			);
			buildRules = (
			);
			dependencies = (
			);
			name = SwiftCalWidgetExtension;
			productName = SwiftCalWidgetExtension;
			productReference = 0F5EA2B72BF2581F000D8154 /* SwiftCalWidgetExtension.appex */;
			productType = "com.apple.product-type.app-extension";
		};
		0F7E403F2BF2403600947CE7 /* SwiftCal */ = {
			isa = PBXNativeTarget;
			buildConfigurationList = 0F7E40532BF2403900947CE7 /* Build configuration list for PBXNativeTarget "SwiftCal" */;
			buildPhases = (
				0F7E403C2BF2403600947CE7 /* Sources */,
				0F7E403D2BF2403600947CE7 /* Frameworks */,
				0F7E403E2BF2403600947CE7 /* Resources */,
				0F5EA2C82BF25821000D8154 /* Embed Foundation Extensions */,
			);
			buildRules = (
			);
			dependencies = (
				0F5EA2C62BF25821000D8154 /* PBXTargetDependency */,
			);
			name = SwiftCal;
			productName = SwiftCal;
			productReference = 0F7E40402BF2403600947CE7 /* SwiftCal.app */;
			productType = "com.apple.product-type.application";
		};
/* End PBXNativeTarget section */

/* Begin PBXProject section */
		0F7E40382BF2403600947CE7 /* Project object */ = {
			isa = PBXProject;
			attributes = {
				BuildIndependentTargetsInParallel = 1;
				LastSwiftUpdateCheck = 1530;
				LastUpgradeCheck = 1530;
				TargetAttributes = {
					0F5EA2B62BF2581F000D8154 = {
						CreatedOnToolsVersion = 15.3;
					};
					0F7E403F2BF2403600947CE7 = {
						CreatedOnToolsVersion = 15.3;
					};
				};
			};
			buildConfigurationList = 0F7E403B2BF2403600947CE7 /* Build configuration list for PBXProject "SwiftCal" */;
			compatibilityVersion = "Xcode 14.0";
			developmentRegion = en;
			hasScannedForEncodings = 0;
			knownRegions = (
				en,
				Base,
			);
			mainGroup = 0F7E40372BF2403600947CE7;
			productRefGroup = 0F7E40412BF2403600947CE7 /* Products */;
			projectDirPath = "";
			projectRoot = "";
			targets = (
				0F7E403F2BF2403600947CE7 /* SwiftCal */,
				0F5EA2B62BF2581F000D8154 /* SwiftCalWidgetExtension */,
			);
		};
/* End PBXProject section */

/* Begin PBXResourcesBuildPhase section */
		0F5EA2B52BF2581F000D8154 /* Resources */ = {
			isa = PBXResourcesBuildPhase;
			buildActionMask = 2147483647;
			files = (
				0F5EA2C32BF25821000D8154 /* Assets.xcassets in Resources */,
			);
			runOnlyForDeploymentPostprocessing = 0;
		};
		0F7E403E2BF2403600947CE7 /* Resources */ = {
			isa = PBXResourcesBuildPhase;
			buildActionMask = 2147483647;
			files = (
				0F7E404B2BF2403900947CE7 /* Preview Assets.xcassets in Resources */,
				0F7E40482BF2403900947CE7 /* Assets.xcassets in Resources */,
			);
			runOnlyForDeploymentPostprocessing = 0;
		};
/* End PBXResourcesBuildPhase section */

/* Begin PBXSourcesBuildPhase section */
		0F5EA2B32BF2581F000D8154 /* Sources */ = {
			isa = PBXSourcesBuildPhase;
			buildActionMask = 2147483647;
			files = (
				0FC1BBD22BF29439000E8D0D /* AppIntents.swift in Sources */,
				0FC1BBCB2BF28CEF000E8D0D /* Day.swift in Sources */,
				0F5EA2C12BF2581F000D8154 /* SwiftCalWidget.swift in Sources */,
				0F7414072CC02EE500E1961E /* SwiftCalControl.swift in Sources */,
				0FC1BBC52BF26473000E8D0D /* CalendarHeaderView.swift in Sources */,
				0FC1BBCF2BF2934D000E8D0D /* Persistence.swift in Sources */,
				0F5EA2BF2BF2581F000D8154 /* SwiftCalWidgetBundle.swift in Sources */,
				0F7414042CC02C8800E1961E /* WidgetModifiers.swift in Sources */,
				0FC1BBC72BF2855A000E8D0D /* Date+Ext.swift in Sources */,
			);
			runOnlyForDeploymentPostprocessing = 0;
		};
		0F7E403C2BF2403600947CE7 /* Sources */ = {
			isa = PBXSourcesBuildPhase;
			buildActionMask = 2147483647;
			files = (
				0F7E40592BF2525A00947CE7 /* StreakView.swift in Sources */,
				0FC1BBD12BF29439000E8D0D /* AppIntents.swift in Sources */,
				0FC1BBCA2BF28CEF000E8D0D /* Day.swift in Sources */,
				0F7414052CC02C8800E1961E /* WidgetModifiers.swift in Sources */,
				0FC1BBC42BF26473000E8D0D /* CalendarHeaderView.swift in Sources */,
				0FC1BBCE2BF2934D000E8D0D /* Persistence.swift in Sources */,
				0F7E40462BF2403600947CE7 /* CalendarView.swift in Sources */,
				0F7E40442BF2403600947CE7 /* SwiftCalApp.swift in Sources */,
				0F7E40572BF246C500947CE7 /* Date+Ext.swift in Sources */,
			);
			runOnlyForDeploymentPostprocessing = 0;
		};
/* End PBXSourcesBuildPhase section */

/* Begin PBXTargetDependency section */
		0F5EA2C62BF25821000D8154 /* PBXTargetDependency */ = {
			isa = PBXTargetDependency;
			target = 0F5EA2B62BF2581F000D8154 /* SwiftCalWidgetExtension */;
			targetProxy = 0F5EA2C52BF25821000D8154 /* PBXContainerItemProxy */;
		};
/* End PBXTargetDependency section */

/* Begin XCBuildConfiguration section */
		0F5EA2C92BF25821000D8154 /* Debug */ = {
			isa = XCBuildConfiguration;
			buildSettings = {
				ASSETCATALOG_COMPILER_GLOBAL_ACCENT_COLOR_NAME = AccentColor;
				ASSETCATALOG_COMPILER_WIDGET_BACKGROUND_COLOR_NAME = WidgetBackground;
				CODE_SIGN_ENTITLEMENTS = SwiftCalWidgetExtension.entitlements;
				CODE_SIGN_STYLE = Automatic;
				CURRENT_PROJECT_VERSION = 1;
				DEVELOPMENT_TEAM = 655MUDB6RB;
				GENERATE_INFOPLIST_FILE = YES;
				INFOPLIST_FILE = SwiftCalWidget/Info.plist;
				INFOPLIST_KEY_CFBundleDisplayName = SwiftCalWidget;
				INFOPLIST_KEY_NSHumanReadableCopyright = "";
				LD_RUNPATH_SEARCH_PATHS = (
					"$(inherited)",
					"@executable_path/Frameworks",
					"@executable_path/../../Frameworks",
				);
				MARKETING_VERSION = 1.0;
				PRODUCT_BUNDLE_IDENTIFIER = com.flambert.SwiftCalApp.SwiftCalWidget;
				PRODUCT_NAME = "$(TARGET_NAME)";
				SKIP_INSTALL = YES;
				SWIFT_EMIT_LOC_STRINGS = YES;
				SWIFT_VERSION = 5.0;
				TARGETED_DEVICE_FAMILY = "1,2";
			};
			name = Debug;
		};
		0F5EA2CA2BF25821000D8154 /* Release */ = {
			isa = XCBuildConfiguration;
			buildSettings = {
				ASSETCATALOG_COMPILER_GLOBAL_ACCENT_COLOR_NAME = AccentColor;
				ASSETCATALOG_COMPILER_WIDGET_BACKGROUND_COLOR_NAME = WidgetBackground;
				CODE_SIGN_ENTITLEMENTS = SwiftCalWidgetExtension.entitlements;
				CODE_SIGN_STYLE = Automatic;
				CURRENT_PROJECT_VERSION = 1;
				DEVELOPMENT_TEAM = 655MUDB6RB;
				GENERATE_INFOPLIST_FILE = YES;
				INFOPLIST_FILE = SwiftCalWidget/Info.plist;
				INFOPLIST_KEY_CFBundleDisplayName = SwiftCalWidget;
				INFOPLIST_KEY_NSHumanReadableCopyright = "";
				LD_RUNPATH_SEARCH_PATHS = (
					"$(inherited)",
					"@executable_path/Frameworks",
					"@executable_path/../../Frameworks",
				);
				MARKETING_VERSION = 1.0;
				PRODUCT_BUNDLE_IDENTIFIER = com.flambert.SwiftCalApp.SwiftCalWidget;
				PRODUCT_NAME = "$(TARGET_NAME)";
				SKIP_INSTALL = YES;
				SWIFT_EMIT_LOC_STRINGS = YES;
				SWIFT_VERSION = 5.0;
				TARGETED_DEVICE_FAMILY = "1,2";
			};
			name = Release;
		};
		0F7E40512BF2403900947CE7 /* Debug */ = {
			isa = XCBuildConfiguration;
			buildSettings = {
				ALWAYS_SEARCH_USER_PATHS = NO;
				ASSETCATALOG_COMPILER_GENERATE_SWIFT_ASSET_SYMBOL_EXTENSIONS = YES;
				CLANG_ANALYZER_NONNULL = YES;
				CLANG_ANALYZER_NUMBER_OBJECT_CONVERSION = YES_AGGRESSIVE;
				CLANG_CXX_LANGUAGE_STANDARD = "gnu++20";
				CLANG_ENABLE_MODULES = YES;
				CLANG_ENABLE_OBJC_ARC = YES;
				CLANG_ENABLE_OBJC_WEAK = YES;
				CLANG_WARN_BLOCK_CAPTURE_AUTORELEASING = YES;
				CLANG_WARN_BOOL_CONVERSION = YES;
				CLANG_WARN_COMMA = YES;
				CLANG_WARN_CONSTANT_CONVERSION = YES;
				CLANG_WARN_DEPRECATED_OBJC_IMPLEMENTATIONS = YES;
				CLANG_WARN_DIRECT_OBJC_ISA_USAGE = YES_ERROR;
				CLANG_WARN_DOCUMENTATION_COMMENTS = YES;
				CLANG_WARN_EMPTY_BODY = YES;
				CLANG_WARN_ENUM_CONVERSION = YES;
				CLANG_WARN_INFINITE_RECURSION = YES;
				CLANG_WARN_INT_CONVERSION = YES;
				CLANG_WARN_NON_LITERAL_NULL_CONVERSION = YES;
				CLANG_WARN_OBJC_IMPLICIT_RETAIN_SELF = YES;
				CLANG_WARN_OBJC_LITERAL_CONVERSION = YES;
				CLANG_WARN_OBJC_ROOT_CLASS = YES_ERROR;
				CLANG_WARN_QUOTED_INCLUDE_IN_FRAMEWORK_HEADER = YES;
				CLANG_WARN_RANGE_LOOP_ANALYSIS = YES;
				CLANG_WARN_STRICT_PROTOTYPES = YES;
				CLANG_WARN_SUSPICIOUS_MOVE = YES;
				CLANG_WARN_UNGUARDED_AVAILABILITY = YES_AGGRESSIVE;
				CLANG_WARN_UNREACHABLE_CODE = YES;
				CLANG_WARN__DUPLICATE_METHOD_MATCH = YES;
				COPY_PHASE_STRIP = NO;
				DEBUG_INFORMATION_FORMAT = dwarf;
				ENABLE_STRICT_OBJC_MSGSEND = YES;
				ENABLE_TESTABILITY = YES;
				ENABLE_USER_SCRIPT_SANDBOXING = YES;
				GCC_C_LANGUAGE_STANDARD = gnu17;
				GCC_DYNAMIC_NO_PIC = NO;
				GCC_NO_COMMON_BLOCKS = YES;
				GCC_OPTIMIZATION_LEVEL = 0;
				GCC_PREPROCESSOR_DEFINITIONS = (
					"DEBUG=1",
					"$(inherited)",
				);
				GCC_WARN_64_TO_32_BIT_CONVERSION = YES;
				GCC_WARN_ABOUT_RETURN_TYPE = YES_ERROR;
				GCC_WARN_UNDECLARED_SELECTOR = YES;
				GCC_WARN_UNINITIALIZED_AUTOS = YES_AGGRESSIVE;
				GCC_WARN_UNUSED_FUNCTION = YES;
				GCC_WARN_UNUSED_VARIABLE = YES;
				IPHONEOS_DEPLOYMENT_TARGET = 17.4;
				LOCALIZATION_PREFERS_STRING_CATALOGS = YES;
				MTL_ENABLE_DEBUG_INFO = INCLUDE_SOURCE;
				MTL_FAST_MATH = YES;
				ONLY_ACTIVE_ARCH = YES;
				SDKROOT = iphoneos;
				SWIFT_ACTIVE_COMPILATION_CONDITIONS = "DEBUG $(inherited)";
				SWIFT_OPTIMIZATION_LEVEL = "-Onone";
			};
			name = Debug;
		};
		0F7E40522BF2403900947CE7 /* Release */ = {
			isa = XCBuildConfiguration;
			buildSettings = {
				ALWAYS_SEARCH_USER_PATHS = NO;
				ASSETCATALOG_COMPILER_GENERATE_SWIFT_ASSET_SYMBOL_EXTENSIONS = YES;
				CLANG_ANALYZER_NONNULL = YES;
				CLANG_ANALYZER_NUMBER_OBJECT_CONVERSION = YES_AGGRESSIVE;
				CLANG_CXX_LANGUAGE_STANDARD = "gnu++20";
				CLANG_ENABLE_MODULES = YES;
				CLANG_ENABLE_OBJC_ARC = YES;
				CLANG_ENABLE_OBJC_WEAK = YES;
				CLANG_WARN_BLOCK_CAPTURE_AUTORELEASING = YES;
				CLANG_WARN_BOOL_CONVERSION = YES;
				CLANG_WARN_COMMA = YES;
				CLANG_WARN_CONSTANT_CONVERSION = YES;
				CLANG_WARN_DEPRECATED_OBJC_IMPLEMENTATIONS = YES;
				CLANG_WARN_DIRECT_OBJC_ISA_USAGE = YES_ERROR;
				CLANG_WARN_DOCUMENTATION_COMMENTS = YES;
				CLANG_WARN_EMPTY_BODY = YES;
				CLANG_WARN_ENUM_CONVERSION = YES;
				CLANG_WARN_INFINITE_RECURSION = YES;
				CLANG_WARN_INT_CONVERSION = YES;
				CLANG_WARN_NON_LITERAL_NULL_CONVERSION = YES;
				CLANG_WARN_OBJC_IMPLICIT_RETAIN_SELF = YES;
				CLANG_WARN_OBJC_LITERAL_CONVERSION = YES;
				CLANG_WARN_OBJC_ROOT_CLASS = YES_ERROR;
				CLANG_WARN_QUOTED_INCLUDE_IN_FRAMEWORK_HEADER = YES;
				CLANG_WARN_RANGE_LOOP_ANALYSIS = YES;
				CLANG_WARN_STRICT_PROTOTYPES = YES;
				CLANG_WARN_SUSPICIOUS_MOVE = YES;
				CLANG_WARN_UNGUARDED_AVAILABILITY = YES_AGGRESSIVE;
				CLANG_WARN_UNREACHABLE_CODE = YES;
				CLANG_WARN__DUPLICATE_METHOD_MATCH = YES;
				COPY_PHASE_STRIP = NO;
				DEBUG_INFORMATION_FORMAT = "dwarf-with-dsym";
				ENABLE_NS_ASSERTIONS = NO;
				ENABLE_STRICT_OBJC_MSGSEND = YES;
				ENABLE_USER_SCRIPT_SANDBOXING = YES;
				GCC_C_LANGUAGE_STANDARD = gnu17;
				GCC_NO_COMMON_BLOCKS = YES;
				GCC_WARN_64_TO_32_BIT_CONVERSION = YES;
				GCC_WARN_ABOUT_RETURN_TYPE = YES_ERROR;
				GCC_WARN_UNDECLARED_SELECTOR = YES;
				GCC_WARN_UNINITIALIZED_AUTOS = YES_AGGRESSIVE;
				GCC_WARN_UNUSED_FUNCTION = YES;
				GCC_WARN_UNUSED_VARIABLE = YES;
				IPHONEOS_DEPLOYMENT_TARGET = 17.4;
				LOCALIZATION_PREFERS_STRING_CATALOGS = YES;
				MTL_ENABLE_DEBUG_INFO = NO;
				MTL_FAST_MATH = YES;
				SDKROOT = iphoneos;
				SWIFT_COMPILATION_MODE = wholemodule;
				VALIDATE_PRODUCT = YES;
			};
			name = Release;
		};
		0F7E40542BF2403900947CE7 /* Debug */ = {
			isa = XCBuildConfiguration;
			buildSettings = {
				ALWAYS_EMBED_SWIFT_STANDARD_LIBRARIES = YES;
				ASSETCATALOG_COMPILER_APPICON_NAME = AppIcon;
				ASSETCATALOG_COMPILER_GLOBAL_ACCENT_COLOR_NAME = AccentColor;
				CODE_SIGN_ENTITLEMENTS = SwiftCal/SwiftCal.entitlements;
				CODE_SIGN_STYLE = Automatic;
				CURRENT_PROJECT_VERSION = 1;
				DEVELOPMENT_ASSET_PATHS = "\"SwiftCal/Preview Content\"";
				DEVELOPMENT_TEAM = 655MUDB6RB;
				ENABLE_PREVIEWS = YES;
				GENERATE_INFOPLIST_FILE = YES;
				INFOPLIST_KEY_UIApplicationSceneManifest_Generation = YES;
				INFOPLIST_KEY_UIApplicationSupportsIndirectInputEvents = YES;
				INFOPLIST_KEY_UILaunchScreen_Generation = YES;
				INFOPLIST_KEY_UISupportedInterfaceOrientations_iPad = "UIInterfaceOrientationPortrait UIInterfaceOrientationPortraitUpsideDown UIInterfaceOrientationLandscapeLeft UIInterfaceOrientationLandscapeRight";
				INFOPLIST_KEY_UISupportedInterfaceOrientations_iPhone = "UIInterfaceOrientationPortrait UIInterfaceOrientationLandscapeLeft UIInterfaceOrientationLandscapeRight";
				LD_RUNPATH_SEARCH_PATHS = (
					"$(inherited)",
					"@executable_path/Frameworks",
				);
				MARKETING_VERSION = 1.0;
				PRODUCT_BUNDLE_IDENTIFIER = com.flambert.SwiftCalApp;
				PRODUCT_NAME = "$(TARGET_NAME)";
				SWIFT_EMIT_LOC_STRINGS = YES;
				SWIFT_VERSION = 6.0;
				TARGETED_DEVICE_FAMILY = "1,2";
			};
			name = Debug;
		};
		0F7E40552BF2403900947CE7 /* Release */ = {
			isa = XCBuildConfiguration;
			buildSettings = {
				ALWAYS_EMBED_SWIFT_STANDARD_LIBRARIES = YES;
				ASSETCATALOG_COMPILER_APPICON_NAME = AppIcon;
				ASSETCATALOG_COMPILER_GLOBAL_ACCENT_COLOR_NAME = AccentColor;
				CODE_SIGN_ENTITLEMENTS = SwiftCal/SwiftCal.entitlements;
				CODE_SIGN_STYLE = Automatic;
				CURRENT_PROJECT_VERSION = 1;
				DEVELOPMENT_ASSET_PATHS = "\"SwiftCal/Preview Content\"";
				DEVELOPMENT_TEAM = 655MUDB6RB;
				ENABLE_PREVIEWS = YES;
				GENERATE_INFOPLIST_FILE = YES;
				INFOPLIST_KEY_UIApplicationSceneManifest_Generation = YES;
				INFOPLIST_KEY_UIApplicationSupportsIndirectInputEvents = YES;
				INFOPLIST_KEY_UILaunchScreen_Generation = YES;
				INFOPLIST_KEY_UISupportedInterfaceOrientations_iPad = "UIInterfaceOrientationPortrait UIInterfaceOrientationPortraitUpsideDown UIInterfaceOrientationLandscapeLeft UIInterfaceOrientationLandscapeRight";
				INFOPLIST_KEY_UISupportedInterfaceOrientations_iPhone = "UIInterfaceOrientationPortrait UIInterfaceOrientationLandscapeLeft UIInterfaceOrientationLandscapeRight";
				LD_RUNPATH_SEARCH_PATHS = (
					"$(inherited)",
					"@executable_path/Frameworks",
				);
				MARKETING_VERSION = 1.0;
				PRODUCT_BUNDLE_IDENTIFIER = com.flambert.SwiftCalApp;
				PRODUCT_NAME = "$(TARGET_NAME)";
				SWIFT_EMIT_LOC_STRINGS = YES;
				SWIFT_VERSION = 6.0;
				TARGETED_DEVICE_FAMILY = "1,2";
			};
			name = Release;
		};
/* End XCBuildConfiguration section */

/* Begin XCConfigurationList section */
		0F5EA2CB2BF25821000D8154 /* Build configuration list for PBXNativeTarget "SwiftCalWidgetExtension" */ = {
			isa = XCConfigurationList;
			buildConfigurations = (
				0F5EA2C92BF25821000D8154 /* Debug */,
				0F5EA2CA2BF25821000D8154 /* Release */,
			);
			defaultConfigurationIsVisible = 0;
			defaultConfigurationName = Release;
		};
		0F7E403B2BF2403600947CE7 /* Build configuration list for PBXProject "SwiftCal" */ = {
			isa = XCConfigurationList;
			buildConfigurations = (
				0F7E40512BF2403900947CE7 /* Debug */,
				0F7E40522BF2403900947CE7 /* Release */,
			);
			defaultConfigurationIsVisible = 0;
			defaultConfigurationName = Release;
		};
		0F7E40532BF2403900947CE7 /* Build configuration list for PBXNativeTarget "SwiftCal" */ = {
			isa = XCConfigurationList;
			buildConfigurations = (
				0F7E40542BF2403900947CE7 /* Debug */,
				0F7E40552BF2403900947CE7 /* Release */,
			);
			defaultConfigurationIsVisible = 0;
			defaultConfigurationName = Release;
		};
/* End XCConfigurationList section */
	};
	rootObject = 0F7E40382BF2403600947CE7 /* Project object */;
}
